# THIS IS AN AUTOGENERATED FILE. DO NOT EDIT THIS FILE DIRECTLY.
# yarn lockfile v1


"@alloc/quick-lru@^5.2.0":
  version "5.2.0"

"@jridgewell/gen-mapping@^0.3.2":
  version "0.3.13"
  dependencies:
    "@jridgewell/sourcemap-codec" "^1.5.0"
    "@jridgewell/trace-mapping" "^0.3.24"

"@jridgewell/resolve-uri@^3.1.0":
  version "3.1.2"

"@jridgewell/sourcemap-codec@^1.4.14", "@jridgewell/sourcemap-codec@^1.5.0", "@jridgewell/sourcemap-codec@^1.5.5":
  version "1.5.5"

"@jridgewell/trace-mapping@^0.3.24":
  version "0.3.31"
  dependencies:
    "@jridgewell/resolve-uri" "^3.1.0"
    "@jridgewell/sourcemap-codec" "^1.4.14"

"@nodelib/fs.scandir@2.1.5":
  version "2.1.5"
  dependencies:
    "@nodelib/fs.stat" "2.0.5"
    run-parallel "^1.1.9"

"@nodelib/fs.stat@^2.0.2", "@nodelib/fs.stat@2.0.5":
  version "2.0.5"

"@nodelib/fs.walk@^1.2.3":
  version "1.2.8"
  dependencies:
    "@nodelib/fs.scandir" "2.1.5"
    fastq "^1.6.0"

"@oxc-project/types@=0.132.0":
  version "0.132.0"

"@rolldown/binding-darwin-arm64@1.0.2":
  version "1.0.2"

"@rolldown/pluginutils@^1.0.0":
  version "1.0.1"

"@standard-schema/spec@^1.1.0":
  version "1.1.0"

"@tanstack/query-core@5.100.13":
  version "5.100.13"

"@tanstack/react-query@^5.62.0":
  version "5.100.13"
  dependencies:
    "@tanstack/query-core" "5.100.13"

"@types/chai@^5.2.2":
  version "5.2.3"
  dependencies:
    "@types/deep-eql" "*"
    assertion-error "^2.0.1"

"@types/d3-color@*":
  version "3.1.3"

"@types/d3-drag@^3.0.7":
  version "3.0.7"
  dependencies:
    "@types/d3-selection" "*"

"@types/d3-hierarchy@^3.1.7":
  version "3.1.7"
  resolved "https://registry.npmjs.org/@types/d3-hierarchy/-/d3-hierarchy-3.1.7.tgz"
  integrity sha512-tJFtNoYBtRtkNysX1Xq4sxtjK8YgoWUNpIiUee0/jHGRwqvzYxkq0hGVbbOGSz+JgFxxRu4K8nb3YpG3CMARtg==

"@types/d3-interpolate@*", "@types/d3-interpolate@^3.0.4":
  version "3.0.4"
  dependencies:
    "@types/d3-color" "*"

"@types/d3-selection@*", "@types/d3-selection@^3.0.10":
  version "3.0.11"

"@types/d3-transition@^3.0.8":
  version "3.0.9"
  dependencies:
    "@types/d3-selection" "*"

"@types/d3-zoom@^3.0.8":
  version "3.0.8"
  dependencies:
    "@types/d3-interpolate" "*"
    "@types/d3-selection" "*"

"@types/debug@^4.0.0":
  version "4.1.13"
  dependencies:
    "@types/ms" "*"

"@types/deep-eql@*":
  version "4.0.2"

"@types/estree-jsx@^1.0.0":
  version "1.0.5"
  dependencies:
    "@types/estree" "*"

"@types/estree@*", "@types/estree@^1.0.0":
  version "1.0.9"

"@types/hast@^3.0.0":
  version "3.0.4"
  dependencies:
    "@types/unist" "*"

"@types/mdast@^4.0.0":
  version "4.0.4"
  dependencies:
    "@types/unist" "*"

"@types/ms@*":
  version "2.1.0"

"@types/node@^20.0.0 || ^22.0.0 || >=24.0.0", "@types/node@^20.19.0 || >=22.12.0", "@types/node@^22.10.2":
  version "22.19.19"
  dependencies:
    undici-types "~6.21.0"

"@types/react-dom@^19.2.0":
  version "19.2.3"

"@types/react@^19.2.0", "@types/react@>=16.8", "@types/react@>=18", "@types/react@>=18.0.0":
  version "19.2.15"
  dependencies:
    csstype "^3.2.2"

"@types/unist@*", "@types/unist@^3.0.0":
  version "3.0.3"

"@types/unist@^2.0.0":
  version "2.0.11"

"@ungap/structured-clone@^1.0.0":
  version "1.3.1"

"@vitejs/plugin-react@^6.0.1":
  version "6.0.2"
  dependencies:
    "@rolldown/pluginutils" "^1.0.0"

"@vitest/expect@4.1.7":
  version "4.1.7"
  dependencies:
    "@standard-schema/spec" "^1.1.0"
    "@types/chai" "^5.2.2"
    "@vitest/spy" "4.1.7"
    "@vitest/utils" "4.1.7"
    chai "^6.2.2"
    tinyrainbow "^3.1.0"

"@vitest/mocker@4.1.7":
  version "4.1.7"
  dependencies:
    "@vitest/spy" "4.1.7"
    estree-walker "^3.0.3"
    magic-string "^0.30.21"

"@vitest/pretty-format@4.1.7":
  version "4.1.7"
  dependencies:
    tinyrainbow "^3.1.0"

"@vitest/runner@4.1.7":
  version "4.1.7"
  dependencies:
    "@vitest/utils" "4.1.7"
    pathe "^2.0.3"

"@vitest/snapshot@4.1.7":
  version "4.1.7"
  dependencies:
    "@vitest/pretty-format" "4.1.7"
    "@vitest/utils" "4.1.7"
    magic-string "^0.30.21"
    pathe "^2.0.3"

"@vitest/spy@4.1.7":
  version "4.1.7"

"@vitest/utils@4.1.7":
  version "4.1.7"
  dependencies:
    "@vitest/pretty-format" "4.1.7"
    convert-source-map "^2.0.0"
    tinyrainbow "^3.1.0"

"@xyflow/react@^12.3.0":
  version "12.10.2"
  dependencies:
    "@xyflow/system" "0.0.76"
    classcat "^5.0.3"
    zustand "^4.4.0"

"@xyflow/system@0.0.76":
  version "0.0.76"
  dependencies:
    "@types/d3-drag" "^3.0.7"
    "@types/d3-interpolate" "^3.0.4"
    "@types/d3-selection" "^3.0.10"
    "@types/d3-transition" "^3.0.8"
    "@types/d3-zoom" "^3.0.8"
    d3-drag "^3.0.0"
    d3-interpolate "^3.0.1"
    d3-selection "^3.0.0"
    d3-zoom "^3.0.0"

any-promise@^1.0.0:
  version "1.3.0"

anymatch@~3.1.2:
  version "3.1.3"
  dependencies:
    normalize-path "^3.0.0"
    picomatch "^2.0.4"

arg@^5.0.2:
  version "5.0.2"

assertion-error@^2.0.1:
  version "2.0.1"

autoprefixer@^10.4.20:
  version "10.5.0"
  dependencies:
    browserslist "^4.28.2"
    caniuse-lite "^1.0.30001787"
    fraction.js "^5.3.4"
    picocolors "^1.1.1"
    postcss-value-parser "^4.2.0"

bail@^2.0.0:
  version "2.0.2"

baseline-browser-mapping@^2.10.12:
  version "2.10.32"

binary-extensions@^2.0.0:
  version "2.3.0"

braces@^3.0.3, braces@~3.0.2:
  version "3.0.3"
  dependencies:
    fill-range "^7.1.1"

browserslist@^4.28.2, "browserslist@>= 4.21.0":
  version "4.28.2"
  dependencies:
    baseline-browser-mapping "^2.10.12"
    caniuse-lite "^1.0.30001782"
    electron-to-chromium "^1.5.328"
    node-releases "^2.0.36"
    update-browserslist-db "^1.2.3"

camelcase-css@^2.0.1:
  version "2.0.1"

caniuse-lite@^1.0.30001782, caniuse-lite@^1.0.30001787:
  version "1.0.30001793"

ccount@^2.0.0:
  version "2.0.1"

chai@^6.2.2:
  version "6.2.2"

character-entities-html4@^2.0.0:
  version "2.1.0"

character-entities-legacy@^3.0.0:
  version "3.0.0"

character-entities@^2.0.0:
  version "2.0.2"

character-reference-invalid@^2.0.0:
  version "2.0.1"

chokidar@^3.6.0:
  version "3.6.0"
  dependencies:
    anymatch "~3.1.2"
    braces "~3.0.2"
    glob-parent "~5.1.2"
    is-binary-path "~2.1.0"
    is-glob "~4.0.1"
    normalize-path "~3.0.0"
    readdirp "~3.6.0"
  optionalDependencies:
    fsevents "~2.3.2"

classcat@^5.0.3:
  version "5.0.5"

comma-separated-tokens@^2.0.0:
  version "2.0.3"

commander@^4.0.0:
  version "4.1.1"

convert-source-map@^2.0.0:
  version "2.0.0"

cookie@^1.0.1:
  version "1.1.1"

cssesc@^3.0.0:
  version "3.0.0"

csstype@^3.2.2:
  version "3.2.3"

"d3-color@1 - 3":
  version "3.1.0"

"d3-dispatch@1 - 3":
  version "3.0.1"

d3-drag@^3.0.0, "d3-drag@2 - 3":
  version "3.0.0"
  dependencies:
    d3-dispatch "1 - 3"
    d3-selection "3"

"d3-ease@1 - 3":
  version "3.0.1"

d3-hierarchy@^3.1.2:
  version "3.1.2"
  resolved "https://registry.npmjs.org/d3-hierarchy/-/d3-hierarchy-3.1.2.tgz"
  integrity sha512-FX/9frcub54beBdugHjDCdikxThEqjnR93Qt7PvQTOHxyiNCAlvMrHhclk3cD5VeAaq9fxmfRp+CnWw9rEMBuA==

d3-interpolate@^3.0.1, "d3-interpolate@1 - 3":
  version "3.0.1"
  dependencies:
    d3-color "1 - 3"

d3-selection@^3.0.0, "d3-selection@2 - 3", d3-selection@3:
  version "3.0.0"

"d3-timer@1 - 3":
  version "3.0.1"

"d3-transition@2 - 3":
  version "3.0.1"
  dependencies:
    d3-color "1 - 3"
    d3-dispatch "1 - 3"
    d3-ease "1 - 3"
    d3-interpolate "1 - 3"
    d3-timer "1 - 3"

d3-zoom@^3.0.0:
  version "3.0.0"
  dependencies:
    d3-dispatch "1 - 3"
    d3-drag "2 - 3"
    d3-interpolate "1 - 3"
    d3-selection "2 - 3"
    d3-transition "2 - 3"

debug@^4.0.0:
  version "4.4.3"
  dependencies:
    ms "^2.1.3"

decode-named-character-reference@^1.0.0:
  version "1.3.0"
  dependencies:
    character-entities "^2.0.0"

dequal@^2.0.0:
  version "2.0.3"

detect-libc@^2.0.3:
  version "2.1.2"

devlop@^1.0.0, devlop@^1.1.0:
  version "1.1.0"
  dependencies:
    dequal "^2.0.0"

didyoumean@^1.2.2:
  version "1.2.2"

dlv@^1.1.3:
  version "1.1.3"

electron-to-chromium@^1.5.328:
  version "1.5.361"

es-errors@^1.3.0:
  version "1.3.0"

es-module-lexer@^2.0.0:
  version "2.1.0"

escalade@^3.2.0:
  version "3.2.0"

estree-util-is-identifier-name@^3.0.0:
  version "3.0.0"

estree-walker@^3.0.3:
  version "3.0.3"
  dependencies:
    "@types/estree" "^1.0.0"

expect-type@^1.3.0:
  version "1.3.0"

extend@^3.0.0:
  version "3.0.2"

fast-glob@^3.3.2:
  version "3.3.3"
  dependencies:
    "@nodelib/fs.stat" "^2.0.2"
    "@nodelib/fs.walk" "^1.2.3"
    glob-parent "^5.1.2"
    merge2 "^1.3.0"
    micromatch "^4.0.8"

fastq@^1.6.0:
  version "1.20.1"
  dependencies:
    reusify "^1.0.4"

fdir@^6.5.0:
  version "6.5.0"

fill-range@^7.1.1:
  version "7.1.1"
  dependencies:
    to-regex-range "^5.0.1"

fraction.js@^5.3.4:
  version "5.3.4"

fsevents@~2.3.2, fsevents@~2.3.3:
  version "2.3.3"

function-bind@^1.1.2:
  version "1.1.2"

glob-parent@^5.1.2, glob-parent@~5.1.2:
  version "5.1.2"
  dependencies:
    is-glob "^4.0.1"

glob-parent@^6.0.2:
  version "6.0.2"
  dependencies:
    is-glob "^4.0.3"

hasown@^2.0.3:
  version "2.0.3"
  dependencies:
    function-bind "^1.1.2"

hast-util-to-jsx-runtime@^2.0.0:
  version "2.3.6"
  dependencies:
    "@types/estree" "^1.0.0"
    "@types/hast" "^3.0.0"
    "@types/unist" "^3.0.0"
    comma-separated-tokens "^2.0.0"
    devlop "^1.0.0"
    estree-util-is-identifier-name "^3.0.0"
    hast-util-whitespace "^3.0.0"
    mdast-util-mdx-expression "^2.0.0"
    mdast-util-mdx-jsx "^3.0.0"
    mdast-util-mdxjs-esm "^2.0.0"
    property-information "^7.0.0"
    space-separated-tokens "^2.0.0"
    style-to-js "^1.0.0"
    unist-util-position "^5.0.0"
    vfile-message "^4.0.0"

hast-util-whitespace@^3.0.0:
  version "3.0.0"
  dependencies:
    "@types/hast" "^3.0.0"

html-url-attributes@^3.0.0:
  version "3.0.1"

inline-style-parser@0.2.7:
  version "0.2.7"

is-alphabetical@^2.0.0:
  version "2.0.1"

is-alphanumerical@^2.0.0:
  version "2.0.1"
  dependencies:
    is-alphabetical "^2.0.0"
    is-decimal "^2.0.0"

is-binary-path@~2.1.0:
  version "2.1.0"
  dependencies:
    binary-extensions "^2.0.0"

is-core-module@^2.16.1:
  version "2.16.2"
  dependencies:
    hasown "^2.0.3"

is-decimal@^2.0.0:
  version "2.0.1"

is-extglob@^2.1.1:
  version "2.1.1"

is-glob@^4.0.1, is-glob@^4.0.3, is-glob@~4.0.1:
  version "4.0.3"
  dependencies:
    is-extglob "^2.1.1"

is-hexadecimal@^2.0.0:
  version "2.0.1"

is-number@^7.0.0:
  version "7.0.0"

is-plain-obj@^4.0.0:
  version "4.1.0"

jiti@^1.21.7, jiti@>=1.21.0:
  version "1.21.7"

lightningcss-darwin-arm64@1.32.0:
  version "1.32.0"

lightningcss@^1.32.0:
  version "1.32.0"
  dependencies:
    detect-libc "^2.0.3"
  optionalDependencies:
    lightningcss-android-arm64 "1.32.0"
    lightningcss-darwin-arm64 "1.32.0"
    lightningcss-darwin-x64 "1.32.0"
    lightningcss-freebsd-x64 "1.32.0"
    lightningcss-linux-arm-gnueabihf "1.32.0"
    lightningcss-linux-arm64-gnu "1.32.0"
    lightningcss-linux-arm64-musl "1.32.0"
    lightningcss-linux-x64-gnu "1.32.0"
    lightningcss-linux-x64-musl "1.32.0"
    lightningcss-win32-arm64-msvc "1.32.0"
    lightningcss-win32-x64-msvc "1.32.0"

lilconfig@^3.1.1, lilconfig@^3.1.3:
  version "3.1.3"

lines-and-columns@^1.1.6:
  version "1.2.4"

longest-streak@^3.0.0:
  version "3.1.0"

magic-string@^0.30.21:
  version "0.30.21"
  dependencies:
    "@jridgewell/sourcemap-codec" "^1.5.5"

mdast-util-from-markdown@^2.0.0:
  version "2.0.3"
  dependencies:
    "@types/mdast" "^4.0.0"
    "@types/unist" "^3.0.0"
    decode-named-character-reference "^1.0.0"
    devlop "^1.0.0"
    mdast-util-to-string "^4.0.0"
    micromark "^4.0.0"
    micromark-util-decode-numeric-character-reference "^2.0.0"
    micromark-util-decode-string "^2.0.0"
    micromark-util-normalize-identifier "^2.0.0"
    micromark-util-symbol "^2.0.0"
    micromark-util-types "^2.0.0"
    unist-util-stringify-position "^4.0.0"

mdast-util-mdx-expression@^2.0.0:
  version "2.0.1"
  dependencies:
    "@types/estree-jsx" "^1.0.0"
    "@types/hast" "^3.0.0"
    "@types/mdast" "^4.0.0"
    devlop "^1.0.0"
    mdast-util-from-markdown "^2.0.0"
    mdast-util-to-markdown "^2.0.0"

mdast-util-mdx-jsx@^3.0.0:
  version "3.2.0"
  dependencies:
    "@types/estree-jsx" "^1.0.0"
    "@types/hast" "^3.0.0"
    "@types/mdast" "^4.0.0"
    "@types/unist" "^3.0.0"
    ccount "^2.0.0"
    devlop "^1.1.0"
    mdast-util-from-markdown "^2.0.0"
    mdast-util-to-markdown "^2.0.0"
    parse-entities "^4.0.0"
    stringify-entities "^4.0.0"
    unist-util-stringify-position "^4.0.0"
    vfile-message "^4.0.0"

mdast-util-mdxjs-esm@^2.0.0:
  version "2.0.1"
  dependencies:
    "@types/estree-jsx" "^1.0.0"
    "@types/hast" "^3.0.0"
    "@types/mdast" "^4.0.0"
    devlop "^1.0.0"
    mdast-util-from-markdown "^2.0.0"
    mdast-util-to-markdown "^2.0.0"

mdast-util-phrasing@^4.0.0:
  version "4.1.0"
  dependencies:
    "@types/mdast" "^4.0.0"
    unist-util-is "^6.0.0"

mdast-util-to-hast@^13.0.0:
  version "13.2.1"
  dependencies:
    "@types/hast" "^3.0.0"
    "@types/mdast" "^4.0.0"
    "@ungap/structured-clone" "^1.0.0"
    devlop "^1.0.0"
    micromark-util-sanitize-uri "^2.0.0"
    trim-lines "^3.0.0"
    unist-util-position "^5.0.0"
    unist-util-visit "^5.0.0"
    vfile "^6.0.0"

mdast-util-to-markdown@^2.0.0:
  version "2.1.2"
  dependencies:
    "@types/mdast" "^4.0.0"
    "@types/unist" "^3.0.0"
    longest-streak "^3.0.0"
    mdast-util-phrasing "^4.0.0"
    mdast-util-to-string "^4.0.0"
    micromark-util-classify-character "^2.0.0"
    micromark-util-decode-string "^2.0.0"
    unist-util-visit "^5.0.0"
    zwitch "^2.0.0"

mdast-util-to-string@^4.0.0:
  version "4.0.0"
  dependencies:
    "@types/mdast" "^4.0.0"

merge2@^1.3.0:
  version "1.4.1"

micromark-core-commonmark@^2.0.0:
  version "2.0.3"
  dependencies:
    decode-named-character-reference "^1.0.0"
    devlop "^1.0.0"
    micromark-factory-destination "^2.0.0"
    micromark-factory-label "^2.0.0"
    micromark-factory-space "^2.0.0"
    micromark-factory-title "^2.0.0"
    micromark-factory-whitespace "^2.0.0"
    micromark-util-character "^2.0.0"
    micromark-util-chunked "^2.0.0"
    micromark-util-classify-character "^2.0.0"
    micromark-util-html-tag-name "^2.0.0"
    micromark-util-normalize-identifier "^2.0.0"
    micromark-util-resolve-all "^2.0.0"
    micromark-util-subtokenize "^2.0.0"
    micromark-util-symbol "^2.0.0"
    micromark-util-types "^2.0.0"

micromark-factory-destination@^2.0.0:
  version "2.0.1"
  dependencies:
    micromark-util-character "^2.0.0"
    micromark-util-symbol "^2.0.0"
    micromark-util-types "^2.0.0"

micromark-factory-label@^2.0.0:
  version "2.0.1"
  dependencies:
    devlop "^1.0.0"
    micromark-util-character "^2.0.0"
    micromark-util-symbol "^2.0.0"
    micromark-util-types "^2.0.0"

micromark-factory-space@^2.0.0:
  version "2.0.1"
  dependencies:
    micromark-util-character "^2.0.0"
    micromark-util-types "^2.0.0"

micromark-factory-title@^2.0.0:
  version "2.0.1"
  dependencies:
    micromark-factory-space "^2.0.0"
    micromark-util-character "^2.0.0"
    micromark-util-symbol "^2.0.0"
    micromark-util-types "^2.0.0"

micromark-factory-whitespace@^2.0.0:
  version "2.0.1"
  dependencies:
    micromark-factory-space "^2.0.0"
    micromark-util-character "^2.0.0"
    micromark-util-symbol "^2.0.0"
    micromark-util-types "^2.0.0"

micromark-util-character@^2.0.0:
  version "2.1.1"
  dependencies:
    micromark-util-symbol "^2.0.0"
    micromark-util-types "^2.0.0"

micromark-util-chunked@^2.0.0:
  version "2.0.1"
  dependencies:
    micromark-util-symbol "^2.0.0"

micromark-util-classify-character@^2.0.0:
  version "2.0.1"
  dependencies:
    micromark-util-character "^2.0.0"
    micromark-util-symbol "^2.0.0"
    micromark-util-types "^2.0.0"

micromark-util-combine-extensions@^2.0.0:
  version "2.0.1"
  dependencies:
    micromark-util-chunked "^2.0.0"
    micromark-util-types "^2.0.0"

micromark-util-decode-numeric-character-reference@^2.0.0:
  version "2.0.2"
  dependencies:
    micromark-util-symbol "^2.0.0"

micromark-util-decode-string@^2.0.0:
  version "2.0.1"
  dependencies:
    decode-named-character-reference "^1.0.0"
    micromark-util-character "^2.0.0"
    micromark-util-decode-numeric-character-reference "^2.0.0"
    micromark-util-symbol "^2.0.0"

micromark-util-encode@^2.0.0:
  version "2.0.1"

micromark-util-html-tag-name@^2.0.0:
  version "2.0.1"

micromark-util-normalize-identifier@^2.0.0:
  version "2.0.1"
  dependencies:
    micromark-util-symbol "^2.0.0"

micromark-util-resolve-all@^2.0.0:
  version "2.0.1"
  dependencies:
    micromark-util-types "^2.0.0"

micromark-util-sanitize-uri@^2.0.0:
  version "2.0.1"
  dependencies:
    micromark-util-character "^2.0.0"
    micromark-util-encode "^2.0.0"
    micromark-util-symbol "^2.0.0"

micromark-util-subtokenize@^2.0.0:
  version "2.1.0"
  dependencies:
    devlop "^1.0.0"
    micromark-util-chunked "^2.0.0"
    micromark-util-symbol "^2.0.0"
    micromark-util-types "^2.0.0"

micromark-util-symbol@^2.0.0:
  version "2.0.1"

micromark-util-types@^2.0.0:
  version "2.0.2"

micromark@^4.0.0:
  version "4.0.2"
  dependencies:
    "@types/debug" "^4.0.0"
    debug "^4.0.0"
    decode-named-character-reference "^1.0.0"
    devlop "^1.0.0"
    micromark-core-commonmark "^2.0.0"
    micromark-factory-space "^2.0.0"
    micromark-util-character "^2.0.0"
    micromark-util-chunked "^2.0.0"
    micromark-util-combine-extensions "^2.0.0"
    micromark-util-decode-numeric-character-reference "^2.0.0"
    micromark-util-encode "^2.0.0"
    micromark-util-normalize-identifier "^2.0.0"
    micromark-util-resolve-all "^2.0.0"
    micromark-util-sanitize-uri "^2.0.0"
    micromark-util-subtokenize "^2.0.0"
    micromark-util-symbol "^2.0.0"
    micromark-util-types "^2.0.0"

micromatch@^4.0.8:
  version "4.0.8"
  dependencies:
    braces "^3.0.3"
    picomatch "^2.3.1"

ms@^2.1.3:
  version "2.1.3"

mz@^2.7.0:
  version "2.7.0"
  dependencies:
    any-promise "^1.0.0"
    object-assign "^4.0.1"
    thenify-all "^1.0.0"

nanoid@^3.3.12:
  version "3.3.12"

node-releases@^2.0.36:
  version "2.0.46"

normalize-path@^3.0.0, normalize-path@~3.0.0:
  version "3.0.0"

object-assign@^4.0.1:
  version "4.1.1"

object-hash@^3.0.0:
  version "3.0.0"

obug@^2.1.1:
  version "2.1.1"

parse-entities@^4.0.0:
  version "4.0.2"
  dependencies:
    "@types/unist" "^2.0.0"
    character-entities-legacy "^3.0.0"
    character-reference-invalid "^2.0.0"
    decode-named-character-reference "^1.0.0"
    is-alphanumerical "^2.0.0"
    is-decimal "^2.0.0"
    is-hexadecimal "^2.0.0"

path-parse@^1.0.7:
  version "1.0.7"

pathe@^2.0.3:
  version "2.0.3"

picocolors@^1.1.1:
  version "1.1.1"

picomatch@^2.0.4:
  version "2.3.2"

picomatch@^2.2.1:
  version "2.3.2"

picomatch@^2.3.1:
  version "2.3.2"

"picomatch@^3 || ^4", picomatch@^4.0.3, picomatch@^4.0.4:
  version "4.0.4"

pify@^2.3.0:
  version "2.3.0"

pirates@^4.0.1:
  version "4.0.7"

postcss-import@^15.1.0:
  version "15.1.0"
  dependencies:
    postcss-value-parser "^4.0.0"
    read-cache "^1.0.0"
    resolve "^1.1.7"

postcss-js@^4.0.1:
  version "4.1.0"
  dependencies:
    camelcase-css "^2.0.1"

"postcss-load-config@^4.0.2 || ^5.0 || ^6.0":
  version "6.0.1"
  dependencies:
    lilconfig "^3.1.1"

postcss-nested@^6.2.0:
  version "6.2.0"
  dependencies:
    postcss-selector-parser "^6.1.1"

postcss-selector-parser@^6.1.1, postcss-selector-parser@^6.1.2:
  version "6.1.2"
  dependencies:
    cssesc "^3.0.0"
    util-deprecate "^1.0.2"

postcss-value-parser@^4.0.0, postcss-value-parser@^4.2.0:
  version "4.2.0"

postcss@^8.0.0, postcss@^8.1.0, postcss@^8.2.14, postcss@^8.4.21, postcss@^8.4.47, postcss@^8.4.49, postcss@^8.5.15, postcss@>=8.0.9:
  version "8.5.15"
  dependencies:
    nanoid "^3.3.12"
    picocolors "^1.1.1"
    source-map-js "^1.2.1"

prettier@^3.4.2:
  version "3.8.3"

property-information@^7.0.0:
  version "7.1.0"

queue-microtask@^1.2.2:
  version "1.2.3"

react-dom@^19.2.6, react-dom@>=17, react-dom@>=18:
  version "19.2.6"
  dependencies:
    scheduler "^0.27.0"

react-markdown@^9.0.1:
  version "9.1.0"
  dependencies:
    "@types/hast" "^3.0.0"
    "@types/mdast" "^4.0.0"
    devlop "^1.0.0"
    hast-util-to-jsx-runtime "^2.0.0"
    html-url-attributes "^3.0.0"
    mdast-util-to-hast "^13.0.0"
    remark-parse "^11.0.0"
    remark-rehype "^11.0.0"
    unified "^11.0.0"
    unist-util-visit "^5.0.0"
    vfile "^6.0.0"

react-router-dom@^7.15.1:
  version "7.15.1"
  dependencies:
    react-router "7.15.1"

react-router@7.15.1:
  version "7.15.1"
  dependencies:
    cookie "^1.0.1"
    set-cookie-parser "^2.6.0"

"react@^16.8.0 || ^17.0.0 || ^18.0.0 || ^19.0.0", "react@^18 || ^19", react@^19.2.6, react@>=16.8, react@>=17, react@>=18, react@>=18.0.0:
  version "19.2.6"

read-cache@^1.0.0:
  version "1.0.0"
  dependencies:
    pify "^2.3.0"

readdirp@~3.6.0:
  version "3.6.0"
  dependencies:
    picomatch "^2.2.1"

remark-parse@^11.0.0:
  version "11.0.0"
  dependencies:
    "@types/mdast" "^4.0.0"
    mdast-util-from-markdown "^2.0.0"
    micromark-util-types "^2.0.0"
    unified "^11.0.0"

remark-rehype@^11.0.0:
  version "11.1.2"
  dependencies:
    "@types/hast" "^3.0.0"
    "@types/mdast" "^4.0.0"
    mdast-util-to-hast "^13.0.0"
    unified "^11.0.0"
    vfile "^6.0.0"

resolve@^1.1.7, resolve@^1.22.8:
  version "1.22.12"
  dependencies:
    es-errors "^1.3.0"
    is-core-module "^2.16.1"
    path-parse "^1.0.7"
    supports-preserve-symlinks-flag "^1.0.0"

reusify@^1.0.4:
  version "1.1.0"

rolldown@1.0.2:
  version "1.0.2"
  dependencies:
    "@oxc-project/types" "=0.132.0"
    "@rolldown/pluginutils" "^1.0.0"
  optionalDependencies:
    "@rolldown/binding-android-arm64" "1.0.2"
    "@rolldown/binding-darwin-arm64" "1.0.2"
    "@rolldown/binding-darwin-x64" "1.0.2"
    "@rolldown/binding-freebsd-x64" "1.0.2"
    "@rolldown/binding-linux-arm-gnueabihf" "1.0.2"
    "@rolldown/binding-linux-arm64-gnu" "1.0.2"
    "@rolldown/binding-linux-arm64-musl" "1.0.2"
    "@rolldown/binding-linux-ppc64-gnu" "1.0.2"
    "@rolldown/binding-linux-s390x-gnu" "1.0.2"
    "@rolldown/binding-linux-x64-gnu" "1.0.2"
    "@rolldown/binding-linux-x64-musl" "1.0.2"
    "@rolldown/binding-openharmony-arm64" "1.0.2"
    "@rolldown/binding-wasm32-wasi" "1.0.2"
    "@rolldown/binding-win32-arm64-msvc" "1.0.2"
    "@rolldown/binding-win32-x64-msvc" "1.0.2"

run-parallel@^1.1.9:
  version "1.2.0"
  dependencies:
    queue-microtask "^1.2.2"

scheduler@^0.27.0:
  version "0.27.0"

set-cookie-parser@^2.6.0:
  version "2.7.2"

siginfo@^2.0.0:
  version "2.0.0"

source-map-js@^1.2.1:
  version "1.2.1"

space-separated-tokens@^2.0.0:
  version "2.0.2"

stackback@0.0.2:
  version "0.0.2"

std-env@^4.0.0-rc.1:
  version "4.1.0"

stringify-entities@^4.0.0:
  version "4.0.4"
  dependencies:
    character-entities-html4 "^2.0.0"
    character-entities-legacy "^3.0.0"

style-to-js@^1.0.0:
  version "1.1.21"
  dependencies:
    style-to-object "1.0.14"

style-to-object@1.0.14:
  version "1.0.14"
  dependencies:
    inline-style-parser "0.2.7"

sucrase@^3.35.0:
  version "3.35.1"
  dependencies:
    "@jridgewell/gen-mapping" "^0.3.2"
    commander "^4.0.0"
    lines-and-columns "^1.1.6"
    mz "^2.7.0"
    pirates "^4.0.1"
    tinyglobby "^0.2.11"
    ts-interface-checker "^0.1.9"

supports-preserve-symlinks-flag@^1.0.0:
  version "1.0.0"

tailwindcss@^3.4.16:
  version "3.4.19"
  dependencies:
    "@alloc/quick-lru" "^5.2.0"
    arg "^5.0.2"
    chokidar "^3.6.0"
    didyoumean "^1.2.2"
    dlv "^1.1.3"
    fast-glob "^3.3.2"
    glob-parent "^6.0.2"
    is-glob "^4.0.3"
    jiti "^1.21.7"
    lilconfig "^3.1.3"
    micromatch "^4.0.8"
    normalize-path "^3.0.0"
    object-hash "^3.0.0"
    picocolors "^1.1.1"
    postcss "^8.4.47"
    postcss-import "^15.1.0"
    postcss-js "^4.0.1"
    postcss-load-config "^4.0.2 || ^5.0 || ^6.0"
    postcss-nested "^6.2.0"
    postcss-selector-parser "^6.1.2"
    resolve "^1.22.8"
    sucrase "^3.35.0"

thenify-all@^1.0.0:
  version "1.6.0"
  dependencies:
    thenify ">= 3.1.0 < 4"

"thenify@>= 3.1.0 < 4":
  version "3.3.1"
  dependencies:
    any-promise "^1.0.0"

tinybench@^2.9.0:
  version "2.9.0"

tinyexec@^1.0.2:
  version "1.2.1"

tinyglobby@^0.2.11, tinyglobby@^0.2.15, tinyglobby@^0.2.16:
  version "0.2.16"
  dependencies:
    fdir "^6.5.0"
    picomatch "^4.0.4"

tinyrainbow@^3.1.0:
  version "3.1.0"

to-regex-range@^5.0.1:
  version "5.0.1"
  dependencies:
    is-number "^7.0.0"

trim-lines@^3.0.0:
  version "3.0.1"

trough@^2.0.0:
  version "2.2.0"

ts-interface-checker@^0.1.9:
  version "0.1.13"

typescript@^5.7.2:
  version "5.9.3"

undici-types@~6.21.0:
  version "6.21.0"

unified@^11.0.0:
  version "11.0.5"
  dependencies:
    "@types/unist" "^3.0.0"
    bail "^2.0.0"
    devlop "^1.0.0"
    extend "^3.0.0"
    is-plain-obj "^4.0.0"
    trough "^2.0.0"
    vfile "^6.0.0"

unist-util-is@^6.0.0:
  version "6.0.1"
  dependencies:
    "@types/unist" "^3.0.0"

unist-util-position@^5.0.0:
  version "5.0.0"
  dependencies:
    "@types/unist" "^3.0.0"

unist-util-stringify-position@^4.0.0:
  version "4.0.0"
  dependencies:
    "@types/unist" "^3.0.0"

unist-util-visit-parents@^6.0.0:
  version "6.0.2"
  dependencies:
    "@types/unist" "^3.0.0"
    unist-util-is "^6.0.0"

unist-util-visit@^5.0.0:
  version "5.1.0"
  dependencies:
    "@types/unist" "^3.0.0"
    unist-util-is "^6.0.0"
    unist-util-visit-parents "^6.0.0"

update-browserslist-db@^1.2.3:
  version "1.2.3"
  dependencies:
    escalade "^3.2.0"
    picocolors "^1.1.1"

use-sync-external-store@^1.2.2, use-sync-external-store@>=1.2.0:
  version "1.6.0"

util-deprecate@^1.0.2:
  version "1.0.2"

vfile-message@^4.0.0:
  version "4.0.3"
  dependencies:
    "@types/unist" "^3.0.0"
    unist-util-stringify-position "^4.0.0"

vfile@^6.0.0:
  version "6.0.3"
  dependencies:
    "@types/unist" "^3.0.0"
    vfile-message "^4.0.0"

"vite@^6.0.0 || ^7.0.0 || ^8.0.0", vite@^8.0.0:
  version "8.0.14"
  dependencies:
    lightningcss "^1.32.0"
    picomatch "^4.0.4"
    postcss "^8.5.15"
    rolldown "1.0.2"
    tinyglobby "^0.2.16"
  optionalDependencies:
    fsevents "~2.3.3"

vitest@^4.1.5:
  version "4.1.7"
  dependencies:
    "@vitest/expect" "4.1.7"
    "@vitest/mocker" "4.1.7"
    "@vitest/pretty-format" "4.1.7"
    "@vitest/runner" "4.1.7"
    "@vitest/snapshot" "4.1.7"
    "@vitest/spy" "4.1.7"
    "@vitest/utils" "4.1.7"
    es-module-lexer "^2.0.0"
    expect-type "^1.3.0"
    magic-string "^0.30.21"
    obug "^2.1.1"
    pathe "^2.0.3"
    picomatch "^4.0.3"
    std-env "^4.0.0-rc.1"
    tinybench "^2.9.0"
    tinyexec "^1.0.2"
    tinyglobby "^0.2.15"
    tinyrainbow "^3.1.0"
    vite "^6.0.0 || ^7.0.0 || ^8.0.0"
    why-is-node-running "^2.3.0"

why-is-node-running@^2.3.0:
  version "2.3.0"
  dependencies:
    siginfo "^2.0.0"
    stackback "0.0.2"

zustand@^4.4.0:
  version "4.5.7"
  dependencies:
    use-sync-external-store "^1.2.2"

zustand@^5.0.2:
  version "5.0.13"

zwitch@^2.0.0:
  version "2.0.4"
